
Microsoft Visual Studio Solution File, Format Version 12.00
# Visual Studio Version 16
VisualStudioVersion = 16.0.29613.14
MinimumVisualStudioVersion = 10.0.40219.1
Project("{FAE04EC0-301F-11D3-BF4B-00C04F79EFBC}") = "MagicPharm", "MagicPharm\MagicPharm.csproj", "{926F89C7-49A1-45BF-B09F-2DE91CDC299A}"
EndProject
Global
	GlobalSection(SolutionConfigurationPlatforms) = preSolution
		Debug|Any CPU = Debug|Any CPU
		Release|Any CPU = Release|Any CPU
	EndGlobalSection
	GlobalSection(ProjectConfigurationPlatforms) = postSolution
		{926F89C7-49A1-45BF-B09F-2DE91CDC299A}.Debug|Any CPU.ActiveCfg = Debug|Any CPU
		{926F89C7-49A1-45BF-B09F-2DE91CDC299A}.Debug|Any CPU.Build.0 = Debug|Any CPU
		{926F89C7-49A1-45BF-B09F-2DE91CDC299A}.Release|Any CPU.ActiveCfg = Release|Any CPU
		{926F89C7-49A1-45BF-B09F-2DE91CDC299A}.Release|Any CPU.Build.0 = Release|Any CPU
	EndGlobalSection
	GlobalSection(SolutionProperties) = preSolution
		HideSolutionNode = FALSE
	EndGlobalSection
	GlobalSection(ExtensibilityGlobals) = postSolution
		SolutionGuid = {A965ACD5-5E37-462C-A09A-43ECBA025B46}
	EndGlobalSection
EndGlobal
